
Microsoft Visual Studio Solution File, Format Version 12.00
# Visual Studio 2017
Project("{FAE04EC0-301F-11D3-BF4B-00C04F79EFBC}") = "BlackBox Theater - Copy", "BlackBox Theater - Copy.csproj", "{E18D168C-D608-87D3-C73D-EA075B868E54}"
EndProject
Project("{FAE04EC0-301F-11D3-BF4B-00C04F79EFBC}") = "BlackBox Theater - Copy", "BlackBox Theater - Copy.csproj", "{E18D168C-D608-87D3-C73D-EA075B868E54}"
EndProject
Project("{FAE04EC0-301F-11D3-BF4B-00C04F79EFBC}") = "BlackBox Theater - Copy.Editor", "BlackBox Theater - Copy.Editor.csproj", "{DD325EE4-1051-FFC7-B74B-B18097CE6314}"
EndProject
Project("{FAE04EC0-301F-11D3-BF4B-00C04F79EFBC}") = "BlackBox Theater - Copy.Editor", "BlackBox Theater - Copy.Editor.csproj", "{DD325EE4-1051-FFC7-B74B-B18097CE6314}"
EndProject
Project("{FAE04EC0-301F-11D3-BF4B-00C04F79EFBC}") = "BlackBox Theater - Copy.Editor", "BlackBox Theater - Copy.Editor.csproj", "{DD325EE4-1051-FFC7-B74B-B18097CE6314}"
EndProject
Project("{FAE04EC0-301F-11D3-BF4B-00C04F79EFBC}") = "BlackBox Theater - Copy.Editor", "BlackBox Theater - Copy.Editor.csproj", "{DD325EE4-1051-FFC7-B74B-B18097CE6314}"
EndProject
Global
	GlobalSection(SolutionConfigurationPlatforms) = preSolution
		Debug|Any CPU = Debug|Any CPU
		Release|Any CPU = Release|Any CPU
	EndGlobalSection
	GlobalSection(ProjectConfigurationPlatforms) = postSolution
		{E18D168C-D608-87D3-C73D-EA075B868E54}.Debug|Any CPU.ActiveCfg = Debug|Any CPU
		{E18D168C-D608-87D3-C73D-EA075B868E54}.Debug|Any CPU.Build.0 = Debug|Any CPU
		{E18D168C-D608-87D3-C73D-EA075B868E54}.Release|Any CPU.ActiveCfg = Release|Any CPU
		{E18D168C-D608-87D3-C73D-EA075B868E54}.Release|Any CPU.Build.0 = Release|Any CPU
		{E18D168C-D608-87D3-C73D-EA075B868E54}.Debug|Any CPU.ActiveCfg = Debug|Any CPU
		{E18D168C-D608-87D3-C73D-EA075B868E54}.Debug|Any CPU.Build.0 = Debug|Any CPU
		{E18D168C-D608-87D3-C73D-EA075B868E54}.Release|Any CPU.ActiveCfg = Release|Any CPU
		{E18D168C-D608-87D3-C73D-EA075B868E54}.Release|Any CPU.Build.0 = Release|Any CPU
		{DD325EE4-1051-FFC7-B74B-B18097CE6314}.Debug|Any CPU.ActiveCfg = Debug|Any CPU
		{DD325EE4-1051-FFC7-B74B-B18097CE6314}.Debug|Any CPU.Build.0 = Debug|Any CPU
		{DD325EE4-1051-FFC7-B74B-B18097CE6314}.Release|Any CPU.ActiveCfg = Release|Any CPU
		{DD325EE4-1051-FFC7-B74B-B18097CE6314}.Release|Any CPU.Build.0 = Release|Any CPU
		{DD325EE4-1051-FFC7-B74B-B18097CE6314}.Debug|Any CPU.ActiveCfg = Debug|Any CPU
		{DD325EE4-1051-FFC7-B74B-B18097CE6314}.Debug|Any CPU.Build.0 = Debug|Any CPU
		{DD325EE4-1051-FFC7-B74B-B18097CE6314}.Release|Any CPU.ActiveCfg = Release|Any CPU
		{DD325EE4-1051-FFC7-B74B-B18097CE6314}.Release|Any CPU.Build.0 = Release|Any CPU
		{DD325EE4-1051-FFC7-B74B-B18097CE6314}.Debug|Any CPU.ActiveCfg = Debug|Any CPU
		{DD325EE4-1051-FFC7-B74B-B18097CE6314}.Debug|Any CPU.Build.0 = Debug|Any CPU
		{DD325EE4-1051-FFC7-B74B-B18097CE6314}.Release|Any CPU.ActiveCfg = Release|Any CPU
		{DD325EE4-1051-FFC7-B74B-B18097CE6314}.Release|Any CPU.Build.0 = Release|Any CPU
		{DD325EE4-1051-FFC7-B74B-B18097CE6314}.Debug|Any CPU.ActiveCfg = Debug|Any CPU
		{DD325EE4-1051-FFC7-B74B-B18097CE6314}.Debug|Any CPU.Build.0 = Debug|Any CPU
		{DD325EE4-1051-FFC7-B74B-B18097CE6314}.Release|Any CPU.ActiveCfg = Release|Any CPU
		{DD325EE4-1051-FFC7-B74B-B18097CE6314}.Release|Any CPU.Build.0 = Release|Any CPU
	EndGlobalSection
	GlobalSection(SolutionProperties) = preSolution
		HideSolutionNode = FALSE
	EndGlobalSection
EndGlobal
